#include <stdio.h>
#include <stdio.h>
#include <stdlib.h>
  /*Написать функцию, которая принимает массив, а возвращает
минимум, максимум и среднее среди его чётных положительных
элементов.*/	
int f1(int *arr,int len){

    int i;
    int count = 0;
    int srednee = 0;
   for (int i = 0; i < len; ++i) {
      if(arr[i] > 0 && arr[i] % 2 == 0){
        count = count + 1;
        srednee = srednee + arr[i];
      }
    }
    printf("%i\t",srednee/count);
    return  srednee/count;
}
int f2(int *arr,int len){
        int i;
        int max = arr[0];
        for (int i = 0; i < len; ++i) {
        if (arr[i] > max) {
            max = arr[i];
        }
    }
    printf("%i",max);
    return max;
}
int f3(int *arr,int len){
         int min = arr[0];
         int i;
         for (int i = 0; i < len; ++i) {
        if (arr[i] > min) {
            arr[i] = min;
        }
    }
    printf("%i\t",min);
    return min;
}


int main()
{
    int arr[10] = {1, 3, 2, 4, 8, 11, 3, 3, 8, 7};
    int (*vizov)(int *,int);
    vizov = f1;
    vizov(arr,10);
    vizov = f2;
    vizov(arr,10);
    vizov = f3;
    vizov(arr,10);
    return 0;
}
